// !$*UTF8*$!
{
	archiveVersion = 1;
	classes = {
	};
	objectVersion = 50;
	objects = {

/* Begin PBXBuildFile section */
		F14E7F3A2128A32700948ADB /* NewsDetailTests.swift in Sources */ = {isa = PBXBuildFile; fileRef = F1D9A9EE212365F000927706 /* NewsDetailTests.swift */; };
		F18D76142124D1AD00834A85 /* UIView+Gradient.swift in Sources */ = {isa = PBXBuildFile; fileRef = F18D76132124D1AD00834A85 /* UIView+Gradient.swift */; };
		F18D76172124D4B800834A85 /* Banner.swift in Sources */ = {isa = PBXBuildFile; fileRef = F18D76162124D4B800834A85 /* Banner.swift */; };
		F18D761E2125009600834A85 /* NoveltyCell.swift in Sources */ = {isa = PBXBuildFile; fileRef = F18D761C2125009600834A85 /* NoveltyCell.swift */; };
		F18D761F2125009600834A85 /* NoveltyCell.xib in Resources */ = {isa = PBXBuildFile; fileRef = F18D761D2125009600834A85 /* NoveltyCell.xib */; };
		F18D76212125043500834A85 /* NewsTableView.swift in Sources */ = {isa = PBXBuildFile; fileRef = F18D76202125043500834A85 /* NewsTableView.swift */; };
		F1C835AE2126302B0007026B /* Colors.swift in Sources */ = {isa = PBXBuildFile; fileRef = F1C835AD2126302B0007026B /* Colors.swift */; };
		F1C835B121265C390007026B /* NewsDetailView.swift in Sources */ = {isa = PBXBuildFile; fileRef = F1C835B021265C390007026B /* NewsDetailView.swift */; };
		F1C835B321265C460007026B /* NewsDetailView.storyboard in Resources */ = {isa = PBXBuildFile; fileRef = F1C835B221265C460007026B /* NewsDetailView.storyboard */; };
		F1C835B521265C890007026B /* NewsDetail.swift in Sources */ = {isa = PBXBuildFile; fileRef = F1C835B421265C890007026B /* NewsDetail.swift */; };
		F1CC04B921272A6E002F50AE /* NewsTitleCell.swift in Sources */ = {isa = PBXBuildFile; fileRef = F1CC04B721272A6E002F50AE /* NewsTitleCell.swift */; };
		F1CC04BA21272A6E002F50AE /* NewsTitleCell.xib in Resources */ = {isa = PBXBuildFile; fileRef = F1CC04B821272A6E002F50AE /* NewsTitleCell.xib */; };
		F1CC04BC21272B01002F50AE /* NewsCellProtocol.swift in Sources */ = {isa = PBXBuildFile; fileRef = F1CC04BB21272B01002F50AE /* NewsCellProtocol.swift */; };
		F1CC04C021274305002F50AE /* NewsSubTitleCell.swift in Sources */ = {isa = PBXBuildFile; fileRef = F1CC04BE21274305002F50AE /* NewsSubTitleCell.swift */; };
		F1CC04C121274305002F50AE /* NewsSubTitleCell.xib in Resources */ = {isa = PBXBuildFile; fileRef = F1CC04BF21274305002F50AE /* NewsSubTitleCell.xib */; };
		F1CC04C4212754C8002F50AE /* NewsInfoCell.swift in Sources */ = {isa = PBXBuildFile; fileRef = F1CC04C2212754C8002F50AE /* NewsInfoCell.swift */; };
		F1CC04C5212754C8002F50AE /* NewsInfoCell.xib in Resources */ = {isa = PBXBuildFile; fileRef = F1CC04C3212754C8002F50AE /* NewsInfoCell.xib */; };
		F1CC04C721275641002F50AE /* StringExtensions.swift in Sources */ = {isa = PBXBuildFile; fileRef = F1CC04C621275641002F50AE /* StringExtensions.swift */; };
		F1CC04CA212772F2002F50AE /* NewsImageCell.swift in Sources */ = {isa = PBXBuildFile; fileRef = F1CC04C8212772F2002F50AE /* NewsImageCell.swift */; };
		F1CC04CB212772F2002F50AE /* NewsImageCell.xib in Resources */ = {isa = PBXBuildFile; fileRef = F1CC04C9212772F2002F50AE /* NewsImageCell.xib */; };
		F1CC04CE2127B500002F50AE /* NewsTextCell.swift in Sources */ = {isa = PBXBuildFile; fileRef = F1CC04CC2127B500002F50AE /* NewsTextCell.swift */; };
		F1CC04CF2127B500002F50AE /* NewsTextCell.xib in Resources */ = {isa = PBXBuildFile; fileRef = F1CC04CD2127B500002F50AE /* NewsTextCell.xib */; };
		F1D25FA42128B15700269EBF /* MapNoveltyBody.swift in Sources */ = {isa = PBXBuildFile; fileRef = F1D25FA32128B15600269EBF /* MapNoveltyBody.swift */; };
		F1D9A9CD21234D3000927706 /* LaunchScreen.storyboard in Resources */ = {isa = PBXBuildFile; fileRef = F1D9A9BF21234D3000927706 /* LaunchScreen.storyboard */; };
		F1D9A9CE21234D3000927706 /* AppDelegate.swift in Sources */ = {isa = PBXBuildFile; fileRef = F1D9A9C221234D3000927706 /* AppDelegate.swift */; };
		F1D9A9D021234D3000927706 /* Assets.xcassets in Resources */ = {isa = PBXBuildFile; fileRef = F1D9A9C521234D3000927706 /* Assets.xcassets */; };
		F1D9A9D8212356D900927706 /* NewsView.swift in Sources */ = {isa = PBXBuildFile; fileRef = F1D9A9D7212356D900927706 /* NewsView.swift */; };
		F1D9A9DA212356E700927706 /* NewsView.storyboard in Resources */ = {isa = PBXBuildFile; fileRef = F1D9A9D9212356E700927706 /* NewsView.storyboard */; };
		F1D9A9E6212363BA00927706 /* Alamofire.framework in Frameworks */ = {isa = PBXBuildFile; fileRef = F1D9A9DF212363B900927706 /* Alamofire.framework */; };
		F1D9A9E8212363BA00927706 /* SwiftIconFont.framework in Frameworks */ = {isa = PBXBuildFile; fileRef = F1D9A9E1212363B900927706 /* SwiftIconFont.framework */; };
		F1D9A9E9212363BA00927706 /* SwiftyJSON.framework in Frameworks */ = {isa = PBXBuildFile; fileRef = F1D9A9E2212363B900927706 /* SwiftyJSON.framework */; };
		F1D9A9EB212363BA00927706 /* Kingfisher.framework in Frameworks */ = {isa = PBXBuildFile; fileRef = F1D9A9E4212363B900927706 /* Kingfisher.framework */; };
		F1D9A9F1212367D500927706 /* Nimble.framework in Frameworks */ = {isa = PBXBuildFile; fileRef = F1D9A9E0212363B900927706 /* Nimble.framework */; };
		F1D9A9F2212367D500927706 /* OHHTTPStubs.framework in Frameworks */ = {isa = PBXBuildFile; fileRef = F1D9A9E5212363BA00927706 /* OHHTTPStubs.framework */; };
		F1D9A9F3212367D500927706 /* Quick.framework in Frameworks */ = {isa = PBXBuildFile; fileRef = F1D9A9E3212363B900927706 /* Quick.framework */; };
		F1D9A9F6212377F700927706 /* Environment.swift in Sources */ = {isa = PBXBuildFile; fileRef = F1D9A9F5212377F700927706 /* Environment.swift */; };
		F1D9A9F92123783800927706 /* EnvironmentTests.swift in Sources */ = {isa = PBXBuildFile; fileRef = F1D9A9F82123783800927706 /* EnvironmentTests.swift */; };
		F1D9A9FC212378BE00927706 /* Network.swift in Sources */ = {isa = PBXBuildFile; fileRef = F1D9A9FB212378BE00927706 /* Network.swift */; };
		F1D9A9FF212378FF00927706 /* NetworkTests.swift in Sources */ = {isa = PBXBuildFile; fileRef = F1D9A9FE212378FF00927706 /* NetworkTests.swift */; };
		F1D9AA022123791400927706 /* Stubs.swift in Sources */ = {isa = PBXBuildFile; fileRef = F1D9AA012123791400927706 /* Stubs.swift */; };
		F1D9AA05212379AE00927706 /* jsonmock.json in Resources */ = {isa = PBXBuildFile; fileRef = F1D9AA04212379AE00927706 /* jsonmock.json */; };
		F1D9AA082123940900927706 /* Routes.swift in Sources */ = {isa = PBXBuildFile; fileRef = F1D9AA072123940900927706 /* Routes.swift */; };
		F1D9AA0A2123944D00927706 /* RouterView.swift in Sources */ = {isa = PBXBuildFile; fileRef = F1D9AA092123944D00927706 /* RouterView.swift */; };
		F1D9AA0C212394B900927706 /* Router.swift in Sources */ = {isa = PBXBuildFile; fileRef = F1D9AA0B212394B900927706 /* Router.swift */; };
		F1D9AA0E2123A1DD00927706 /* NSObject+Identifier.swift in Sources */ = {isa = PBXBuildFile; fileRef = F1D9AA0D2123A1DD00927706 /* NSObject+Identifier.swift */; };
		F1D9AA102124467100927706 /* News.swift in Sources */ = {isa = PBXBuildFile; fileRef = F1D9AA0F2124467100927706 /* News.swift */; };
		F1D9AA16212447AD00927706 /* NewsNetwork.swift in Sources */ = {isa = PBXBuildFile; fileRef = F1D9AA15212447AD00927706 /* NewsNetwork.swift */; };
		F1D9AA182124483700927706 /* Novelty.swift in Sources */ = {isa = PBXBuildFile; fileRef = F1D9AA172124483700927706 /* Novelty.swift */; };
		F1D9AA1A21244D3F00927706 /* ApiPaths.swift in Sources */ = {isa = PBXBuildFile; fileRef = F1D9AA1921244D3F00927706 /* ApiPaths.swift */; };
		F1D9AA1C2124579500927706 /* UIViewControllerExtensions.swift in Sources */ = {isa = PBXBuildFile; fileRef = F1D9AA1B2124579500927706 /* UIViewControllerExtensions.swift */; };
/* End PBXBuildFile section */

/* Begin PBXContainerItemProxy section */
		F1C1D340211F895100834C54 /* PBXContainerItemProxy */ = {
			isa = PBXContainerItemProxy;
			containerPortal = F1C1D323211F894E00834C54 /* Project object */;
			proxyType = 1;
			remoteGlobalIDString = F1C1D32A211F894E00834C54;
			remoteInfo = jornalapp;
		};
/* End PBXContainerItemProxy section */

/* Begin PBXFileReference section */
		F18D76132124D1AD00834A85 /* UIView+Gradient.swift */ = {isa = PBXFileReference; lastKnownFileType = sourcecode.swift; path = "UIView+Gradient.swift"; sourceTree = "<group>"; };
		F18D76162124D4B800834A85 /* Banner.swift */ = {isa = PBXFileReference; lastKnownFileType = sourcecode.swift; path = Banner.swift; sourceTree = "<group>"; };
		F18D761C2125009600834A85 /* NoveltyCell.swift */ = {isa = PBXFileReference; lastKnownFileType = sourcecode.swift; path = NoveltyCell.swift; sourceTree = "<group>"; };
		F18D761D2125009600834A85 /* NoveltyCell.xib */ = {isa = PBXFileReference; lastKnownFileType = file.xib; path = NoveltyCell.xib; sourceTree = "<group>"; };
		F18D76202125043500834A85 /* NewsTableView.swift */ = {isa = PBXFileReference; lastKnownFileType = sourcecode.swift; path = NewsTableView.swift; sourceTree = "<group>"; };
		F1C1D32B211F894E00834C54 /* jornalapp.app */ = {isa = PBXFileReference; explicitFileType = wrapper.application; includeInIndex = 0; path = jornalapp.app; sourceTree = BUILT_PRODUCTS_DIR; };
		F1C1D33F211F895100834C54 /* jornalappTests.xctest */ = {isa = PBXFileReference; explicitFileType = wrapper.cfbundle; includeInIndex = 0; path = jornalappTests.xctest; sourceTree = BUILT_PRODUCTS_DIR; };
		F1C835AD2126302B0007026B /* Colors.swift */ = {isa = PBXFileReference; lastKnownFileType = sourcecode.swift; path = Colors.swift; sourceTree = "<group>"; };
		F1C835B021265C390007026B /* NewsDetailView.swift */ = {isa = PBXFileReference; lastKnownFileType = sourcecode.swift; path = NewsDetailView.swift; sourceTree = "<group>"; };
		F1C835B221265C460007026B /* NewsDetailView.storyboard */ = {isa = PBXFileReference; lastKnownFileType = file.storyboard; path = NewsDetailView.storyboard; sourceTree = "<group>"; };
		F1C835B421265C890007026B /* NewsDetail.swift */ = {isa = PBXFileReference; lastKnownFileType = sourcecode.swift; path = NewsDetail.swift; sourceTree = "<group>"; };
		F1CC04B721272A6E002F50AE /* NewsTitleCell.swift */ = {isa = PBXFileReference; lastKnownFileType = sourcecode.swift; path = NewsTitleCell.swift; sourceTree = "<group>"; };
		F1CC04B821272A6E002F50AE /* NewsTitleCell.xib */ = {isa = PBXFileReference; lastKnownFileType = file.xib; path = NewsTitleCell.xib; sourceTree = "<group>"; };
		F1CC04BB21272B01002F50AE /* NewsCellProtocol.swift */ = {isa = PBXFileReference; lastKnownFileType = sourcecode.swift; path = NewsCellProtocol.swift; sourceTree = "<group>"; };
		F1CC04BE21274305002F50AE /* NewsSubTitleCell.swift */ = {isa = PBXFileReference; lastKnownFileType = sourcecode.swift; path = NewsSubTitleCell.swift; sourceTree = "<group>"; };
		F1CC04BF21274305002F50AE /* NewsSubTitleCell.xib */ = {isa = PBXFileReference; lastKnownFileType = file.xib; path = NewsSubTitleCell.xib; sourceTree = "<group>"; };
		F1CC04C2212754C8002F50AE /* NewsInfoCell.swift */ = {isa = PBXFileReference; lastKnownFileType = sourcecode.swift; path = NewsInfoCell.swift; sourceTree = "<group>"; };
		F1CC04C3212754C8002F50AE /* NewsInfoCell.xib */ = {isa = PBXFileReference; lastKnownFileType = file.xib; path = NewsInfoCell.xib; sourceTree = "<group>"; };
		F1CC04C621275641002F50AE /* StringExtensions.swift */ = {isa = PBXFileReference; lastKnownFileType = sourcecode.swift; path = StringExtensions.swift; sourceTree = "<group>"; };
		F1CC04C8212772F2002F50AE /* NewsImageCell.swift */ = {isa = PBXFileReference; lastKnownFileType = sourcecode.swift; path = NewsImageCell.swift; sourceTree = "<group>"; };
		F1CC04C9212772F2002F50AE /* NewsImageCell.xib */ = {isa = PBXFileReference; lastKnownFileType = file.xib; path = NewsImageCell.xib; sourceTree = "<group>"; };
		F1CC04CC2127B500002F50AE /* NewsTextCell.swift */ = {isa = PBXFileReference; lastKnownFileType = sourcecode.swift; path = NewsTextCell.swift; sourceTree = "<group>"; };
		F1CC04CD2127B500002F50AE /* NewsTextCell.xib */ = {isa = PBXFileReference; lastKnownFileType = file.xib; path = NewsTextCell.xib; sourceTree = "<group>"; };
		F1D25FA32128B15600269EBF /* MapNoveltyBody.swift */ = {isa = PBXFileReference; lastKnownFileType = sourcecode.swift; path = MapNoveltyBody.swift; sourceTree = "<group>"; };
		F1D9A9C021234D3000927706 /* Base */ = {isa = PBXFileReference; lastKnownFileType = file.storyboard; name = Base; path = Base.lproj/LaunchScreen.storyboard; sourceTree = "<group>"; };
		F1D9A9C221234D3000927706 /* AppDelegate.swift */ = {isa = PBXFileReference; fileEncoding = 4; lastKnownFileType = sourcecode.swift; path = AppDelegate.swift; sourceTree = "<group>"; };
		F1D9A9C321234D3000927706 /* Info.plist */ = {isa = PBXFileReference; fileEncoding = 4; lastKnownFileType = text.plist.xml; path = Info.plist; sourceTree = "<group>"; };
		F1D9A9C521234D3000927706 /* Assets.xcassets */ = {isa = PBXFileReference; lastKnownFileType = folder.assetcatalog; path = Assets.xcassets; sourceTree = "<group>"; };
		F1D9A9CC21234D3000927706 /* Info.plist */ = {isa = PBXFileReference; fileEncoding = 4; lastKnownFileType = text.plist.xml; path = Info.plist; sourceTree = "<group>"; };
		F1D9A9D7212356D900927706 /* NewsView.swift */ = {isa = PBXFileReference; lastKnownFileType = sourcecode.swift; path = NewsView.swift; sourceTree = "<group>"; };
		F1D9A9D9212356E700927706 /* NewsView.storyboard */ = {isa = PBXFileReference; lastKnownFileType = file.storyboard; path = NewsView.storyboard; sourceTree = "<group>"; };
		F1D9A9DF212363B900927706 /* Alamofire.framework */ = {isa = PBXFileReference; lastKnownFileType = wrapper.framework; name = Alamofire.framework; path = Carthage/Build/iOS/Alamofire.framework; sourceTree = "<group>"; };
		F1D9A9E0212363B900927706 /* Nimble.framework */ = {isa = PBXFileReference; lastKnownFileType = wrapper.framework; name = Nimble.framework; path = Carthage/Build/iOS/Nimble.framework; sourceTree = "<group>"; };
		F1D9A9E1212363B900927706 /* SwiftIconFont.framework */ = {isa = PBXFileReference; lastKnownFileType = wrapper.framework; name = SwiftIconFont.framework; path = Carthage/Build/iOS/SwiftIconFont.framework; sourceTree = "<group>"; };
		F1D9A9E2212363B900927706 /* SwiftyJSON.framework */ = {isa = PBXFileReference; lastKnownFileType = wrapper.framework; name = SwiftyJSON.framework; path = Carthage/Build/iOS/SwiftyJSON.framework; sourceTree = "<group>"; };
		F1D9A9E3212363B900927706 /* Quick.framework */ = {isa = PBXFileReference; lastKnownFileType = wrapper.framework; name = Quick.framework; path = Carthage/Build/iOS/Quick.framework; sourceTree = "<group>"; };
		F1D9A9E4212363B900927706 /* Kingfisher.framework */ = {isa = PBXFileReference; lastKnownFileType = wrapper.framework; name = Kingfisher.framework; path = Carthage/Build/iOS/Kingfisher.framework; sourceTree = "<group>"; };
		F1D9A9E5212363BA00927706 /* OHHTTPStubs.framework */ = {isa = PBXFileReference; lastKnownFileType = wrapper.framework; name = OHHTTPStubs.framework; path = Carthage/Build/iOS/OHHTTPStubs.framework; sourceTree = "<group>"; };
		F1D9A9EE212365F000927706 /* NewsDetailTests.swift */ = {isa = PBXFileReference; lastKnownFileType = sourcecode.swift; path = NewsDetailTests.swift; sourceTree = "<group>"; };
		F1D9A9F5212377F700927706 /* Environment.swift */ = {isa = PBXFileReference; lastKnownFileType = sourcecode.swift; path = Environment.swift; sourceTree = "<group>"; };
		F1D9A9F82123783800927706 /* EnvironmentTests.swift */ = {isa = PBXFileReference; lastKnownFileType = sourcecode.swift; path = EnvironmentTests.swift; sourceTree = "<group>"; };
		F1D9A9FB212378BE00927706 /* Network.swift */ = {isa = PBXFileReference; lastKnownFileType = sourcecode.swift; path = Network.swift; sourceTree = "<group>"; };
		F1D9A9FE212378FF00927706 /* NetworkTests.swift */ = {isa = PBXFileReference; lastKnownFileType = sourcecode.swift; path = NetworkTests.swift; sourceTree = "<group>"; };
		F1D9AA012123791400927706 /* Stubs.swift */ = {isa = PBXFileReference; lastKnownFileType = sourcecode.swift; path = Stubs.swift; sourceTree = "<group>"; };
		F1D9AA04212379AE00927706 /* jsonmock.json */ = {isa = PBXFileReference; fileEncoding = 4; lastKnownFileType = text.json; path = jsonmock.json; sourceTree = "<group>"; };
		F1D9AA072123940900927706 /* Routes.swift */ = {isa = PBXFileReference; lastKnownFileType = sourcecode.swift; path = Routes.swift; sourceTree = "<group>"; };
		F1D9AA092123944D00927706 /* RouterView.swift */ = {isa = PBXFileReference; lastKnownFileType = sourcecode.swift; path = RouterView.swift; sourceTree = "<group>"; };
		F1D9AA0B212394B900927706 /* Router.swift */ = {isa = PBXFileReference; lastKnownFileType = sourcecode.swift; path = Router.swift; sourceTree = "<group>"; };
		F1D9AA0D2123A1DD00927706 /* NSObject+Identifier.swift */ = {isa = PBXFileReference; lastKnownFileType = sourcecode.swift; path = "NSObject+Identifier.swift"; sourceTree = "<group>"; };
		F1D9AA0F2124467100927706 /* News.swift */ = {isa = PBXFileReference; lastKnownFileType = sourcecode.swift; path = News.swift; sourceTree = "<group>"; };
		F1D9AA15212447AD00927706 /* NewsNetwork.swift */ = {isa = PBXFileReference; lastKnownFileType = sourcecode.swift; name = NewsNetwork.swift; path = source/app/News/NewsNetwork.swift; sourceTree = SOURCE_ROOT; };
		F1D9AA172124483700927706 /* Novelty.swift */ = {isa = PBXFileReference; lastKnownFileType = sourcecode.swift; path = Novelty.swift; sourceTree = "<group>"; };
		F1D9AA1921244D3F00927706 /* ApiPaths.swift */ = {isa = PBXFileReference; lastKnownFileType = sourcecode.swift; path = ApiPaths.swift; sourceTree = "<group>"; };
		F1D9AA1B2124579500927706 /* UIViewControllerExtensions.swift */ = {isa = PBXFileReference; lastKnownFileType = sourcecode.swift; path = UIViewControllerExtensions.swift; sourceTree = "<group>"; };
/* End PBXFileReference section */

/* Begin PBXFrameworksBuildPhase section */
		F1C1D328211F894E00834C54 /* Frameworks */ = {
			isa = PBXFrameworksBuildPhase;
			buildActionMask = 2147483647;
			files = (
				F1D9A9E6212363BA00927706 /* Alamofire.framework in Frameworks */,
				F1D9A9E8212363BA00927706 /* SwiftIconFont.framework in Frameworks */,
				F1D9A9E9212363BA00927706 /* SwiftyJSON.framework in Frameworks */,
				F1D9A9EB212363BA00927706 /* Kingfisher.framework in Frameworks */,
			);
			runOnlyForDeploymentPostprocessing = 0;
		};
		F1C1D33C211F895100834C54 /* Frameworks */ = {
			isa = PBXFrameworksBuildPhase;
			buildActionMask = 2147483647;
			files = (
				F1D9A9F1212367D500927706 /* Nimble.framework in Frameworks */,
				F1D9A9F2212367D500927706 /* OHHTTPStubs.framework in Frameworks */,
				F1D9A9F3212367D500927706 /* Quick.framework in Frameworks */,
			);
			runOnlyForDeploymentPostprocessing = 0;
		};
/* End PBXFrameworksBuildPhase section */

/* Begin PBXGroup section */
		F14E7F392128902F00948ADB /* News */ = {
			isa = PBXGroup;
			children = (
			);
			path = News;
			sourceTree = "<group>";
		};
		F18D76152124D4AB00834A85 /* banner */ = {
			isa = PBXGroup;
			children = (
				F18D76162124D4B800834A85 /* Banner.swift */,
			);
			path = banner;
			sourceTree = "<group>";
		};
		F1C1D322211F894E00834C54 = {
			isa = PBXGroup;
			children = (
				F1D9A9BC21234D3000927706 /* source */,
				F1C1D32C211F894E00834C54 /* Products */,
				F1D9A9DE212363B900927706 /* Frameworks */,
			);
			sourceTree = "<group>";
		};
		F1C1D32C211F894E00834C54 /* Products */ = {
			isa = PBXGroup;
			children = (
				F1C1D32B211F894E00834C54 /* jornalapp.app */,
				F1C1D33F211F895100834C54 /* jornalappTests.xctest */,
			);
			name = Products;
			sourceTree = "<group>";
		};
		F1C835AF21265C060007026B /* NewsDetail */ = {
			isa = PBXGroup;
			children = (
				F1C835B621265C930007026B /* components */,
				F1C835B021265C390007026B /* NewsDetailView.swift */,
				F1C835B221265C460007026B /* NewsDetailView.storyboard */,
				F1C835B421265C890007026B /* NewsDetail.swift */,
				F1D25FA32128B15600269EBF /* MapNoveltyBody.swift */,
			);
			path = NewsDetail;
			sourceTree = "<group>";
		};
		F1C835B621265C930007026B /* components */ = {
			isa = PBXGroup;
			children = (
				F1C835BC21265D0D0007026B /* cells */,
			);
			path = components;
			sourceTree = "<group>";
		};
		F1C835B721265CC00007026B /* NewsTitleCell */ = {
			isa = PBXGroup;
			children = (
				F1CC04B721272A6E002F50AE /* NewsTitleCell.swift */,
				F1CC04B821272A6E002F50AE /* NewsTitleCell.xib */,
			);
			path = NewsTitleCell;
			sourceTree = "<group>";
		};
		F1C835B921265CE10007026B /* NewsInfoCell */ = {
			isa = PBXGroup;
			children = (
				F1CC04C2212754C8002F50AE /* NewsInfoCell.swift */,
				F1CC04C3212754C8002F50AE /* NewsInfoCell.xib */,
			);
			path = NewsInfoCell;
			sourceTree = "<group>";
		};
		F1C835BA21265CF00007026B /* NewImageCell */ = {
			isa = PBXGroup;
			children = (
				F1CC04C8212772F2002F50AE /* NewsImageCell.swift */,
				F1CC04C9212772F2002F50AE /* NewsImageCell.xib */,
			);
			path = NewImageCell;
			sourceTree = "<group>";
		};
		F1C835BB21265CFB0007026B /* NewsTextCell */ = {
			isa = PBXGroup;
			children = (
				F1CC04CC2127B500002F50AE /* NewsTextCell.swift */,
				F1CC04CD2127B500002F50AE /* NewsTextCell.xib */,
			);
			path = NewsTextCell;
			sourceTree = "<group>";
		};
		F1C835BC21265D0D0007026B /* cells */ = {
			isa = PBXGroup;
			children = (
				F1CC04BD212742C0002F50AE /* NewsSubtitleCell */,
				F1C835BA21265CF00007026B /* NewImageCell */,
				F1C835B921265CE10007026B /* NewsInfoCell */,
				F1C835BB21265CFB0007026B /* NewsTextCell */,
				F1C835B721265CC00007026B /* NewsTitleCell */,
				F1CC04BB21272B01002F50AE /* NewsCellProtocol.swift */,
			);
			path = cells;
			sourceTree = "<group>";
		};
		F1CC04BD212742C0002F50AE /* NewsSubtitleCell */ = {
			isa = PBXGroup;
			children = (
				F1CC04BE21274305002F50AE /* NewsSubTitleCell.swift */,
				F1CC04BF21274305002F50AE /* NewsSubTitleCell.xib */,
			);
			path = NewsSubtitleCell;
			sourceTree = "<group>";
		};
		F1D9A9BC21234D3000927706 /* source */ = {
			isa = PBXGroup;
			children = (
				F1D9A9BD21234D3000927706 /* app */,
				F1D9A9C921234D3000927706 /* tests */,
			);
			path = source;
			sourceTree = "<group>";
		};
		F1D9A9BD21234D3000927706 /* app */ = {
			isa = PBXGroup;
			children = (
				F1D9A9C421234D3000927706 /* Assets */,
				F1D9A9BE21234D3000927706 /* Launch */,
				F1D9A9FA212378AE00927706 /* Network */,
				F1D9A9D6212356B500927706 /* News */,
				F1C835AF21265C060007026B /* NewsDetail */,
				F1D9AA06212393DB00927706 /* Router */,
				F1D9A9C121234D3000927706 /* System */,
				F1D9A9F4212377DF00927706 /* Util */,
			);
			path = app;
			sourceTree = "<group>";
		};
		F1D9A9BE21234D3000927706 /* Launch */ = {
			isa = PBXGroup;
			children = (
				F1D9A9BF21234D3000927706 /* LaunchScreen.storyboard */,
			);
			path = Launch;
			sourceTree = "<group>";
		};
		F1D9A9C121234D3000927706 /* System */ = {
			isa = PBXGroup;
			children = (
				F1D9A9C221234D3000927706 /* AppDelegate.swift */,
				F1D9A9C321234D3000927706 /* Info.plist */,
			);
			path = System;
			sourceTree = "<group>";
		};
		F1D9A9C421234D3000927706 /* Assets */ = {
			isa = PBXGroup;
			children = (
				F1D9A9C521234D3000927706 /* Assets.xcassets */,
			);
			path = Assets;
			sourceTree = "<group>";
		};
		F1D9A9C921234D3000927706 /* tests */ = {
			isa = PBXGroup;
			children = (
				F14E7F392128902F00948ADB /* News */,
				F1D9AA002123790600927706 /* Stubs */,
				F1D9A9FD212378EA00927706 /* NetworkTests */,
				F1D9A9F72123781A00927706 /* UtilTests */,
				F1D9A9DC2123632500927706 /* NewsDetail */,
				F1D9A9CC21234D3000927706 /* Info.plist */,
			);
			path = tests;
			sourceTree = "<group>";
		};
		F1D9A9D6212356B500927706 /* News */ = {
			isa = PBXGroup;
			children = (
				F1D9AA112124473600927706 /* components */,
				F1D9A9D7212356D900927706 /* NewsView.swift */,
				F1D9A9D9212356E700927706 /* NewsView.storyboard */,
				F1D9AA0F2124467100927706 /* News.swift */,
				F1D9AA15212447AD00927706 /* NewsNetwork.swift */,
				F1D9AA172124483700927706 /* Novelty.swift */,
			);
			path = News;
			sourceTree = "<group>";
		};
		F1D9A9DC2123632500927706 /* NewsDetail */ = {
			isa = PBXGroup;
			children = (
				F1D9A9EE212365F000927706 /* NewsDetailTests.swift */,
			);
			path = NewsDetail;
			sourceTree = "<group>";
		};
		F1D9A9DE212363B900927706 /* Frameworks */ = {
			isa = PBXGroup;
			children = (
				F1D9A9DF212363B900927706 /* Alamofire.framework */,
				F1D9A9E4212363B900927706 /* Kingfisher.framework */,
				F1D9A9E0212363B900927706 /* Nimble.framework */,
				F1D9A9E5212363BA00927706 /* OHHTTPStubs.framework */,
				F1D9A9E3212363B900927706 /* Quick.framework */,
				F1D9A9E1212363B900927706 /* SwiftIconFont.framework */,
				F1D9A9E2212363B900927706 /* SwiftyJSON.framework */,
			);
			name = Frameworks;
			sourceTree = "<group>";
		};
		F1D9A9F4212377DF00927706 /* Util */ = {
			isa = PBXGroup;
			children = (
				F1D9A9F5212377F700927706 /* Environment.swift */,
				F1D9AA0D2123A1DD00927706 /* NSObject+Identifier.swift */,
				F1D9AA1B2124579500927706 /* UIViewControllerExtensions.swift */,
				F18D76132124D1AD00834A85 /* UIView+Gradient.swift */,
				F1C835AD2126302B0007026B /* Colors.swift */,
				F1CC04C621275641002F50AE /* StringExtensions.swift */,
			);
			path = Util;
			sourceTree = "<group>";
		};
		F1D9A9F72123781A00927706 /* UtilTests */ = {
			isa = PBXGroup;
			children = (
				F1D9A9F82123783800927706 /* EnvironmentTests.swift */,
			);
			path = UtilTests;
			sourceTree = "<group>";
		};
		F1D9A9FA212378AE00927706 /* Network */ = {
			isa = PBXGroup;
			children = (
				F1D9A9FB212378BE00927706 /* Network.swift */,
				F1D9AA1921244D3F00927706 /* ApiPaths.swift */,
			);
			path = Network;
			sourceTree = "<group>";
		};
		F1D9A9FD212378EA00927706 /* NetworkTests */ = {
			isa = PBXGroup;
			children = (
				F1D9A9FE212378FF00927706 /* NetworkTests.swift */,
			);
			path = NetworkTests;
			sourceTree = "<group>";
		};
		F1D9AA002123790600927706 /* Stubs */ = {
			isa = PBXGroup;
			children = (
				F1D9AA032123792200927706 /* jsonmock */,
				F1D9AA012123791400927706 /* Stubs.swift */,
			);
			path = Stubs;
			sourceTree = "<group>";
		};
		F1D9AA032123792200927706 /* jsonmock */ = {
			isa = PBXGroup;
			children = (
				F1D9AA04212379AE00927706 /* jsonmock.json */,
			);
			path = jsonmock;
			sourceTree = "<group>";
		};
		F1D9AA06212393DB00927706 /* Router */ = {
			isa = PBXGroup;
			children = (
				F1D9AA072123940900927706 /* Routes.swift */,
				F1D9AA0B212394B900927706 /* Router.swift */,
				F1D9AA092123944D00927706 /* RouterView.swift */,
			);
			path = Router;
			sourceTree = "<group>";
		};
		F1D9AA112124473600927706 /* components */ = {
			isa = PBXGroup;
			children = (
				F18D76152124D4AB00834A85 /* banner */,
				F1D9AA132124474400927706 /* cell */,
				F1D9AA122124473F00927706 /* list */,
			);
			path = components;
			sourceTree = "<group>";
		};
		F1D9AA122124473F00927706 /* list */ = {
			isa = PBXGroup;
			children = (
				F18D76202125043500834A85 /* NewsTableView.swift */,
			);
			path = list;
			sourceTree = "<group>";
		};
		F1D9AA132124474400927706 /* cell */ = {
			isa = PBXGroup;
			children = (
				F18D761C2125009600834A85 /* NoveltyCell.swift */,
				F18D761D2125009600834A85 /* NoveltyCell.xib */,
			);
			path = cell;
			sourceTree = "<group>";
		};
/* End PBXGroup section */

/* Begin PBXNativeTarget section */
		F1C1D32A211F894E00834C54 /* jornalapp */ = {
			isa = PBXNativeTarget;
			buildConfigurationList = F1C1D348211F895100834C54 /* Build configuration list for PBXNativeTarget "jornalapp" */;
			buildPhases = (
				F1C1D327211F894E00834C54 /* Sources */,
				F1C1D328211F894E00834C54 /* Frameworks */,
				F1C1D329211F894E00834C54 /* Resources */,
				F1D9A9DB21235D7700927706 /* SwiftLint */,
				F1D9A9DD2123635000927706 /* Carthage */,
			);
			buildRules = (
			);
			dependencies = (
			);
			name = jornalapp;
			productName = jornalapp;
			productReference = F1C1D32B211F894E00834C54 /* jornalapp.app */;
			productType = "com.apple.product-type.application";
		};
		F1C1D33E211F895100834C54 /* jornalappTests */ = {
			isa = PBXNativeTarget;
			buildConfigurationList = F1C1D34B211F895100834C54 /* Build configuration list for PBXNativeTarget "jornalappTests" */;
			buildPhases = (
				F1C1D33B211F895100834C54 /* Sources */,
				F1C1D33C211F895100834C54 /* Frameworks */,
				F1C1D33D211F895100834C54 /* Resources */,
				F1D9A9ED2123641B00927706 /* Carthage */,
			);
			buildRules = (
			);
			dependencies = (
				F1C1D341211F895100834C54 /* PBXTargetDependency */,
			);
			name = jornalappTests;
			productName = jornalappTests;
			productReference = F1C1D33F211F895100834C54 /* jornalappTests.xctest */;
			productType = "com.apple.product-type.bundle.unit-test";
		};
/* End PBXNativeTarget section */

/* Begin PBXProject section */
		F1C1D323211F894E00834C54 /* Project object */ = {
			isa = PBXProject;
			attributes = {
				LastSwiftUpdateCheck = 0940;
				LastUpgradeCheck = 0940;
				ORGANIZATIONNAME = com.outlook.tiagofly;
				TargetAttributes = {
					F1C1D32A211F894E00834C54 = {
						CreatedOnToolsVersion = 9.4;
					};
					F1C1D33E211F895100834C54 = {
						CreatedOnToolsVersion = 9.4;
						TestTargetID = F1C1D32A211F894E00834C54;
					};
				};
			};
			buildConfigurationList = F1C1D326211F894E00834C54 /* Build configuration list for PBXProject "jornalapp" */;
			compatibilityVersion = "Xcode 9.3";
			developmentRegion = en;
			hasScannedForEncodings = 0;
			knownRegions = (
				en,
				Base,
			);
			mainGroup = F1C1D322211F894E00834C54;
			productRefGroup = F1C1D32C211F894E00834C54 /* Products */;
			projectDirPath = "";
			projectRoot = "";
			targets = (
				F1C1D32A211F894E00834C54 /* jornalapp */,
				F1C1D33E211F895100834C54 /* jornalappTests */,
			);
		};
/* End PBXProject section */

/* Begin PBXResourcesBuildPhase section */
		F1C1D329211F894E00834C54 /* Resources */ = {
			isa = PBXResourcesBuildPhase;
			buildActionMask = 2147483647;
			files = (
				F1D9A9D021234D3000927706 /* Assets.xcassets in Resources */,
				F18D761F2125009600834A85 /* NoveltyCell.xib in Resources */,
				F1CC04C5212754C8002F50AE /* NewsInfoCell.xib in Resources */,
				F1D9A9CD21234D3000927706 /* LaunchScreen.storyboard in Resources */,
				F1CC04BA21272A6E002F50AE /* NewsTitleCell.xib in Resources */,
				F1D9A9DA212356E700927706 /* NewsView.storyboard in Resources */,
				F1CC04CB212772F2002F50AE /* NewsImageCell.xib in Resources */,
				F1CC04CF2127B500002F50AE /* NewsTextCell.xib in Resources */,
				F1CC04C121274305002F50AE /* NewsSubTitleCell.xib in Resources */,
				F1C835B321265C460007026B /* NewsDetailView.storyboard in Resources */,
			);
			runOnlyForDeploymentPostprocessing = 0;
		};
		F1C1D33D211F895100834C54 /* Resources */ = {
			isa = PBXResourcesBuildPhase;
			buildActionMask = 2147483647;
			files = (
				F1D9AA05212379AE00927706 /* jsonmock.json in Resources */,
			);
			runOnlyForDeploymentPostprocessing = 0;
		};
/* End PBXResourcesBuildPhase section */

/* Begin PBXShellScriptBuildPhase section */
		F1D9A9DB21235D7700927706 /* SwiftLint */ = {
			isa = PBXShellScriptBuildPhase;
			buildActionMask = 2147483647;
			files = (
			);
			inputPaths = (
			);
			name = SwiftLint;
			outputPaths = (
			);
			runOnlyForDeploymentPostprocessing = 0;
			shellPath = /bin/sh;
			shellScript = "if which swiftlint >/dev/null; then\nswiftlint\nelse\necho \"warning: SwiftLint not installed, download from https://github.com/realm/SwiftLint\"\nfi";
		};
		F1D9A9DD2123635000927706 /* Carthage */ = {
			isa = PBXShellScriptBuildPhase;
			buildActionMask = 2147483647;
			files = (
			);
			inputPaths = (
				"$(SRCROOT)/Carthage/Build/iOS/Alamofire.framework",
				"$(SRCROOT)/Carthage/Build/iOS/SwiftIconFont.framework",
				"$(SRCROOT)/Carthage/Build/iOS/SwiftyJSON.framework",
				"$(SRCROOT)/Carthage/Build/iOS/Kingfisher.framework",
			);
			name = Carthage;
			outputPaths = (
			);
			runOnlyForDeploymentPostprocessing = 0;
			shellPath = /bin/sh;
			shellScript = "/usr/local/bin/carthage copy-frameworks";
		};
		F1D9A9ED2123641B00927706 /* Carthage */ = {
			isa = PBXShellScriptBuildPhase;
			buildActionMask = 2147483647;
			files = (
			);
			inputPaths = (
				"$(SRCROOT)/Carthage/Build/iOS/Quick.framework",
				"$(SRCROOT)/Carthage/Build/iOS/Nimble.framework",
				"$(SRCROOT)/Carthage/Build/iOS/OHHTTPStubs.framework",
			);
			name = Carthage;
			outputPaths = (
			);
			runOnlyForDeploymentPostprocessing = 0;
			shellPath = /bin/sh;
			shellScript = "/usr/local/bin/carthage copy-frameworks";
		};
/* End PBXShellScriptBuildPhase section */

/* Begin PBXSourcesBuildPhase section */
		F1C1D327211F894E00834C54 /* Sources */ = {
			isa = PBXSourcesBuildPhase;
			buildActionMask = 2147483647;
			files = (
				F1CC04CA212772F2002F50AE /* NewsImageCell.swift in Sources */,
				F18D76142124D1AD00834A85 /* UIView+Gradient.swift in Sources */,
				F1C835AE2126302B0007026B /* Colors.swift in Sources */,
				F1D9A9D8212356D900927706 /* NewsView.swift in Sources */,
				F1D25FA42128B15700269EBF /* MapNoveltyBody.swift in Sources */,
				F1C835B521265C890007026B /* NewsDetail.swift in Sources */,
				F18D76172124D4B800834A85 /* Banner.swift in Sources */,
				F1D9AA182124483700927706 /* Novelty.swift in Sources */,
				F1CC04C021274305002F50AE /* NewsSubTitleCell.swift in Sources */,
				F1D9A9F6212377F700927706 /* Environment.swift in Sources */,
				F1D9AA1C2124579500927706 /* UIViewControllerExtensions.swift in Sources */,
				F1D9AA0E2123A1DD00927706 /* NSObject+Identifier.swift in Sources */,
				F1D9AA102124467100927706 /* News.swift in Sources */,
				F1D9AA082123940900927706 /* Routes.swift in Sources */,
				F1CC04B921272A6E002F50AE /* NewsTitleCell.swift in Sources */,
				F1D9AA16212447AD00927706 /* NewsNetwork.swift in Sources */,
				F1D9AA0C212394B900927706 /* Router.swift in Sources */,
				F1CC04BC21272B01002F50AE /* NewsCellProtocol.swift in Sources */,
				F1D9AA0A2123944D00927706 /* RouterView.swift in Sources */,
				F18D76212125043500834A85 /* NewsTableView.swift in Sources */,
				F1D9A9FC212378BE00927706 /* Network.swift in Sources */,
				F1CC04CE2127B500002F50AE /* NewsTextCell.swift in Sources */,
				F18D761E2125009600834A85 /* NoveltyCell.swift in Sources */,
				F1C835B121265C390007026B /* NewsDetailView.swift in Sources */,
				F1D9A9CE21234D3000927706 /* AppDelegate.swift in Sources */,
				F1CC04C721275641002F50AE /* StringExtensions.swift in Sources */,
				F1CC04C4212754C8002F50AE /* NewsInfoCell.swift in Sources */,
				F1D9AA1A21244D3F00927706 /* ApiPaths.swift in Sources */,
			);
			runOnlyForDeploymentPostprocessing = 0;
		};
		F1C1D33B211F895100834C54 /* Sources */ = {
			isa = PBXSourcesBuildPhase;
			buildActionMask = 2147483647;
			files = (
				F1D9A9FF212378FF00927706 /* NetworkTests.swift in Sources */,
				F1D9A9F92123783800927706 /* EnvironmentTests.swift in Sources */,
				F1D9AA022123791400927706 /* Stubs.swift in Sources */,
				F14E7F3A2128A32700948ADB /* NewsDetailTests.swift in Sources */,
			);
			runOnlyForDeploymentPostprocessing = 0;
		};
/* End PBXSourcesBuildPhase section */

/* Begin PBXTargetDependency section */
		F1C1D341211F895100834C54 /* PBXTargetDependency */ = {
			isa = PBXTargetDependency;
			target = F1C1D32A211F894E00834C54 /* jornalapp */;
			targetProxy = F1C1D340211F895100834C54 /* PBXContainerItemProxy */;
		};
/* End PBXTargetDependency section */

/* Begin PBXVariantGroup section */
		F1D9A9BF21234D3000927706 /* LaunchScreen.storyboard */ = {
			isa = PBXVariantGroup;
			children = (
				F1D9A9C021234D3000927706 /* Base */,
			);
			name = LaunchScreen.storyboard;
			sourceTree = "<group>";
		};
/* End PBXVariantGroup section */

/* Begin XCBuildConfiguration section */
		F1C1D346211F895100834C54 /* Debug */ = {
			isa = XCBuildConfiguration;
			buildSettings = {
				ALWAYS_SEARCH_USER_PATHS = NO;
				CLANG_ANALYZER_NONNULL = YES;
				CLANG_ANALYZER_NUMBER_OBJECT_CONVERSION = YES_AGGRESSIVE;
				CLANG_CXX_LANGUAGE_STANDARD = "gnu++14";
				CLANG_CXX_LIBRARY = "libc++";
				CLANG_ENABLE_MODULES = YES;
				CLANG_ENABLE_OBJC_ARC = YES;
				CLANG_ENABLE_OBJC_WEAK = YES;
				CLANG_WARN_BLOCK_CAPTURE_AUTORELEASING = YES;
				CLANG_WARN_BOOL_CONVERSION = YES;
				CLANG_WARN_COMMA = YES;
				CLANG_WARN_CONSTANT_CONVERSION = YES;
				CLANG_WARN_DEPRECATED_OBJC_IMPLEMENTATIONS = YES;
				CLANG_WARN_DIRECT_OBJC_ISA_USAGE = YES_ERROR;
				CLANG_WARN_DOCUMENTATION_COMMENTS = YES;
				CLANG_WARN_EMPTY_BODY = YES;
				CLANG_WARN_ENUM_CONVERSION = YES;
				CLANG_WARN_INFINITE_RECURSION = YES;
				CLANG_WARN_INT_CONVERSION = YES;
				CLANG_WARN_NON_LITERAL_NULL_CONVERSION = YES;
				CLANG_WARN_OBJC_IMPLICIT_RETAIN_SELF = YES;
				CLANG_WARN_OBJC_LITERAL_CONVERSION = YES;
				CLANG_WARN_OBJC_ROOT_CLASS = YES_ERROR;
				CLANG_WARN_RANGE_LOOP_ANALYSIS = YES;
				CLANG_WARN_STRICT_PROTOTYPES = YES;
				CLANG_WARN_SUSPICIOUS_MOVE = YES;
				CLANG_WARN_UNGUARDED_AVAILABILITY = YES_AGGRESSIVE;
				CLANG_WARN_UNREACHABLE_CODE = YES;
				CLANG_WARN__DUPLICATE_METHOD_MATCH = YES;
				CODE_SIGN_IDENTITY = "iPhone Developer";
				COPY_PHASE_STRIP = NO;
				DEBUG_INFORMATION_FORMAT = dwarf;
				ENABLE_STRICT_OBJC_MSGSEND = YES;
				ENABLE_TESTABILITY = YES;
				GCC_C_LANGUAGE_STANDARD = gnu11;
				GCC_DYNAMIC_NO_PIC = NO;
				GCC_NO_COMMON_BLOCKS = YES;
				GCC_OPTIMIZATION_LEVEL = 0;
				GCC_PREPROCESSOR_DEFINITIONS = (
					"DEBUG=1",
					"$(inherited)",
				);
				GCC_WARN_64_TO_32_BIT_CONVERSION = YES;
				GCC_WARN_ABOUT_RETURN_TYPE = YES_ERROR;
				GCC_WARN_UNDECLARED_SELECTOR = YES;
				GCC_WARN_UNINITIALIZED_AUTOS = YES_AGGRESSIVE;
				GCC_WARN_UNUSED_FUNCTION = YES;
				GCC_WARN_UNUSED_VARIABLE = YES;
				IPHONEOS_DEPLOYMENT_TARGET = 8.0;
				MTL_ENABLE_DEBUG_INFO = YES;
				ONLY_ACTIVE_ARCH = YES;
				SDKROOT = iphoneos;
				SWIFT_ACTIVE_COMPILATION_CONDITIONS = DEBUG;
				SWIFT_OPTIMIZATION_LEVEL = "-Onone";
			};
			name = Debug;
		};
		F1C1D347211F895100834C54 /* Release */ = {
			isa = XCBuildConfiguration;
			buildSettings = {
				ALWAYS_SEARCH_USER_PATHS = NO;
				CLANG_ANALYZER_NONNULL = YES;
				CLANG_ANALYZER_NUMBER_OBJECT_CONVERSION = YES_AGGRESSIVE;
				CLANG_CXX_LANGUAGE_STANDARD = "gnu++14";
				CLANG_CXX_LIBRARY = "libc++";
				CLANG_ENABLE_MODULES = YES;
				CLANG_ENABLE_OBJC_ARC = YES;
				CLANG_ENABLE_OBJC_WEAK = YES;
				CLANG_WARN_BLOCK_CAPTURE_AUTORELEASING = YES;
				CLANG_WARN_BOOL_CONVERSION = YES;
				CLANG_WARN_COMMA = YES;
				CLANG_WARN_CONSTANT_CONVERSION = YES;
				CLANG_WARN_DEPRECATED_OBJC_IMPLEMENTATIONS = YES;
				CLANG_WARN_DIRECT_OBJC_ISA_USAGE = YES_ERROR;
				CLANG_WARN_DOCUMENTATION_COMMENTS = YES;
				CLANG_WARN_EMPTY_BODY = YES;
				CLANG_WARN_ENUM_CONVERSION = YES;
				CLANG_WARN_INFINITE_RECURSION = YES;
				CLANG_WARN_INT_CONVERSION = YES;
				CLANG_WARN_NON_LITERAL_NULL_CONVERSION = YES;
				CLANG_WARN_OBJC_IMPLICIT_RETAIN_SELF = YES;
				CLANG_WARN_OBJC_LITERAL_CONVERSION = YES;
				CLANG_WARN_OBJC_ROOT_CLASS = YES_ERROR;
				CLANG_WARN_RANGE_LOOP_ANALYSIS = YES;
				CLANG_WARN_STRICT_PROTOTYPES = YES;
				CLANG_WARN_SUSPICIOUS_MOVE = YES;
				CLANG_WARN_UNGUARDED_AVAILABILITY = YES_AGGRESSIVE;
				CLANG_WARN_UNREACHABLE_CODE = YES;
				CLANG_WARN__DUPLICATE_METHOD_MATCH = YES;
				CODE_SIGN_IDENTITY = "iPhone Developer";
				COPY_PHASE_STRIP = NO;
				DEBUG_INFORMATION_FORMAT = "dwarf-with-dsym";
				ENABLE_NS_ASSERTIONS = NO;
				ENABLE_STRICT_OBJC_MSGSEND = YES;
				GCC_C_LANGUAGE_STANDARD = gnu11;
				GCC_NO_COMMON_BLOCKS = YES;
				GCC_WARN_64_TO_32_BIT_CONVERSION = YES;
				GCC_WARN_ABOUT_RETURN_TYPE = YES_ERROR;
				GCC_WARN_UNDECLARED_SELECTOR = YES;
				GCC_WARN_UNINITIALIZED_AUTOS = YES_AGGRESSIVE;
				GCC_WARN_UNUSED_FUNCTION = YES;
				GCC_WARN_UNUSED_VARIABLE = YES;
				IPHONEOS_DEPLOYMENT_TARGET = 8.0;
				MTL_ENABLE_DEBUG_INFO = NO;
				SDKROOT = iphoneos;
				SWIFT_COMPILATION_MODE = wholemodule;
				SWIFT_OPTIMIZATION_LEVEL = "-O";
				VALIDATE_PRODUCT = YES;
			};
			name = Release;
		};
		F1C1D349211F895100834C54 /* Debug */ = {
			isa = XCBuildConfiguration;
			buildSettings = {
				APP_DISPLAY_NAME = "O Globo -DBG";
				ASSETCATALOG_COMPILER_APPICON_NAME = "AppIcon-debug";
				CODE_SIGN_STYLE = Automatic;
				DEVELOPMENT_TEAM = Y7SQ2QJ5AU;
				ENVIRONMENT = debug;
				FRAMEWORK_SEARCH_PATHS = (
					"$(inherited)",
					"$(PROJECT_DIR)/Carthage/Build/iOS",
				);
				INFOPLIST_FILE = "$(SRCROOT)/source/app/System/Info.plist";
				LD_RUNPATH_SEARCH_PATHS = (
					"$(inherited)",
					"@executable_path/Frameworks",
				);
				PRODUCT_BUNDLE_IDENTIFIER = "com.outlook.tiagofly.jornalapp-dbg";
				PRODUCT_NAME = "$(TARGET_NAME)";
				SWIFT_VERSION = 4.0;
				TARGETED_DEVICE_FAMILY = "1,2";
			};
			name = Debug;
		};
		F1C1D34A211F895100834C54 /* Release */ = {
			isa = XCBuildConfiguration;
			buildSettings = {
				APP_DISPLAY_NAME = "O Globo";
				ASSETCATALOG_COMPILER_APPICON_NAME = AppIcon;
				CODE_SIGN_STYLE = Automatic;
				DEVELOPMENT_TEAM = Y7SQ2QJ5AU;
				ENVIRONMENT = release;
				FRAMEWORK_SEARCH_PATHS = (
					"$(inherited)",
					"$(PROJECT_DIR)/Carthage/Build/iOS",
				);
				GCC_OPTIMIZATION_LEVEL = s;
				INFOPLIST_FILE = "$(SRCROOT)/source/app/System/Info.plist";
				LD_RUNPATH_SEARCH_PATHS = (
					"$(inherited)",
					"@executable_path/Frameworks",
				);
				PRODUCT_BUNDLE_IDENTIFIER = com.outlook.tiagofly.jornalapp;
				PRODUCT_NAME = "$(TARGET_NAME)";
				SWIFT_OPTIMIZATION_LEVEL = "-Osize";
				SWIFT_VERSION = 4.0;
				TARGETED_DEVICE_FAMILY = "1,2";
			};
			name = Release;
		};
		F1C1D34C211F895100834C54 /* Debug */ = {
			isa = XCBuildConfiguration;
			buildSettings = {
				ALWAYS_EMBED_SWIFT_STANDARD_LIBRARIES = YES;
				BUNDLE_LOADER = "$(TEST_HOST)";
				CODE_SIGN_STYLE = Automatic;
				DEVELOPMENT_TEAM = Y7SQ2QJ5AU;
				FRAMEWORK_SEARCH_PATHS = (
					"$(inherited)",
					"$(PROJECT_DIR)/Carthage/Build/iOS",
				);
				INFOPLIST_FILE = "$(SRCROOT)/source/tests/Info.plist";
				LD_RUNPATH_SEARCH_PATHS = (
					"$(inherited)",
					"@executable_path/Frameworks",
					"@loader_path/Frameworks",
				);
				PRODUCT_BUNDLE_IDENTIFIER = com.outlook.tiagofly.jornalapptests;
				PRODUCT_NAME = "$(TARGET_NAME)";
				SWIFT_VERSION = 4.0;
				TARGETED_DEVICE_FAMILY = "1,2";
				TEST_HOST = "$(BUILT_PRODUCTS_DIR)/jornalapp.app/jornalapp";
			};
			name = Debug;
		};
		F1C1D34D211F895100834C54 /* Release */ = {
			isa = XCBuildConfiguration;
			buildSettings = {
				ALWAYS_EMBED_SWIFT_STANDARD_LIBRARIES = YES;
				BUNDLE_LOADER = "$(TEST_HOST)";
				CODE_SIGN_STYLE = Automatic;
				DEVELOPMENT_TEAM = Y7SQ2QJ5AU;
				FRAMEWORK_SEARCH_PATHS = (
					"$(inherited)",
					"$(PROJECT_DIR)/Carthage/Build/iOS",
				);
				INFOPLIST_FILE = "$(SRCROOT)/source/tests/Info.plist";
				LD_RUNPATH_SEARCH_PATHS = (
					"$(inherited)",
					"@executable_path/Frameworks",
					"@loader_path/Frameworks",
				);
				PRODUCT_BUNDLE_IDENTIFIER = com.outlook.tiagofly.jornalapptests;
				PRODUCT_NAME = "$(TARGET_NAME)";
				SWIFT_VERSION = 4.0;
				TARGETED_DEVICE_FAMILY = "1,2";
				TEST_HOST = "$(BUILT_PRODUCTS_DIR)/jornalapp.app/jornalapp";
			};
			name = Release;
		};
/* End XCBuildConfiguration section */

/* Begin XCConfigurationList section */
		F1C1D326211F894E00834C54 /* Build configuration list for PBXProject "jornalapp" */ = {
			isa = XCConfigurationList;
			buildConfigurations = (
				F1C1D346211F895100834C54 /* Debug */,
				F1C1D347211F895100834C54 /* Release */,
			);
			defaultConfigurationIsVisible = 0;
			defaultConfigurationName = Release;
		};
		F1C1D348211F895100834C54 /* Build configuration list for PBXNativeTarget "jornalapp" */ = {
			isa = XCConfigurationList;
			buildConfigurations = (
				F1C1D349211F895100834C54 /* Debug */,
				F1C1D34A211F895100834C54 /* Release */,
			);
			defaultConfigurationIsVisible = 0;
			defaultConfigurationName = Release;
		};
		F1C1D34B211F895100834C54 /* Build configuration list for PBXNativeTarget "jornalappTests" */ = {
			isa = XCConfigurationList;
			buildConfigurations = (
				F1C1D34C211F895100834C54 /* Debug */,
				F1C1D34D211F895100834C54 /* Release */,
			);
			defaultConfigurationIsVisible = 0;
			defaultConfigurationName = Release;
		};
/* End XCConfigurationList section */
	};
	rootObject = F1C1D323211F894E00834C54 /* Project object */;
}
